
Microsoft Visual Studio Solution File, Format Version 12.00
# Visual Studio Version 17
VisualStudioVersion = 17.4.33213.308
MinimumVisualStudioVersion = 10.0.40219.1
Project("{2150E333-8FDC-42A3-9474-1A3956D46DE8}") = "src", "src", "{5DA6B83E-9906-483B-B9EC-8E3FD5BBCB3A}"
EndProject
Project("{9A19103F-16F7-4668-BE54-9A1E7A4F7556}") = "Mc2.CrudTest.Application", "src\Mc2.CrudTest.Application\Mc2.CrudTest.Application.csproj", "{2D09497A-2042-4049-B8D8-D088C49E270D}"
EndProject
Project("{9A19103F-16F7-4668-BE54-9A1E7A4F7556}") = "Mc2.CrudTest.Infrastructure", "src\Mc2.CrudTest.Infrastructure\Mc2.CrudTest.Infrastructure.csproj", "{13F67ABA-258F-46B9-9E54-8951B8A2488B}"
EndProject
Project("{9A19103F-16F7-4668-BE54-9A1E7A4F7556}") = "Mc2.CrudTest.Shared", "src\Mc2.CrudTest.Shared\Mc2.CrudTest.Shared.csproj", "{EC28D387-8FB4-4272-8D5C-6335383D37FF}"
EndProject
Project("{9A19103F-16F7-4668-BE54-9A1E7A4F7556}") = "Mc2.CrudTest.Shared.Abstractions", "src\Mc2.CrudTest.Shared.Abstractions\Mc2.CrudTest.Shared.Abstractions.csproj", "{3740187C-F355-4670-8B75-9C90F6D9577C}"
EndProject
Project("{9A19103F-16F7-4668-BE54-9A1E7A4F7556}") = "Mc2.CrudTest.AcceptanceTests", "test\Mc2.CrudTest.AcceptanceTests\Mc2.CrudTest.AcceptanceTests.csproj", "{6776DF76-1054-486C-A79A-57100C47032F}"
EndProject
Project("{9A19103F-16F7-4668-BE54-9A1E7A4F7556}") = "Mc2.CrudTest.Api", "src\Mc2.CrudTest.Api\Mc2.CrudTest.Api.csproj", "{BC732618-A759-4303-A9D9-9ED682612D70}"
EndProject
Project("{9A19103F-16F7-4668-BE54-9A1E7A4F7556}") = "Mc2.CrudTest.Domain", "src\Mc2.CrudTest.Domain\Mc2.CrudTest.Domain.csproj", "{A2DB98AF-090D-4ABE-885B-2A3C1431A678}"
EndProject
Global
	GlobalSection(SolutionConfigurationPlatforms) = preSolution
		Debug|Any CPU = Debug|Any CPU
		Release|Any CPU = Release|Any CPU
	EndGlobalSection
	GlobalSection(ProjectConfigurationPlatforms) = postSolution
		{2D09497A-2042-4049-B8D8-D088C49E270D}.Debug|Any CPU.ActiveCfg = Debug|Any CPU
		{2D09497A-2042-4049-B8D8-D088C49E270D}.Debug|Any CPU.Build.0 = Debug|Any CPU
		{2D09497A-2042-4049-B8D8-D088C49E270D}.Release|Any CPU.ActiveCfg = Release|Any CPU
		{2D09497A-2042-4049-B8D8-D088C49E270D}.Release|Any CPU.Build.0 = Release|Any CPU
		{13F67ABA-258F-46B9-9E54-8951B8A2488B}.Debug|Any CPU.ActiveCfg = Debug|Any CPU
		{13F67ABA-258F-46B9-9E54-8951B8A2488B}.Debug|Any CPU.Build.0 = Debug|Any CPU
		{13F67ABA-258F-46B9-9E54-8951B8A2488B}.Release|Any CPU.ActiveCfg = Release|Any CPU
		{13F67ABA-258F-46B9-9E54-8951B8A2488B}.Release|Any CPU.Build.0 = Release|Any CPU
		{EC28D387-8FB4-4272-8D5C-6335383D37FF}.Debug|Any CPU.ActiveCfg = Debug|Any CPU
		{EC28D387-8FB4-4272-8D5C-6335383D37FF}.Debug|Any CPU.Build.0 = Debug|Any CPU
		{EC28D387-8FB4-4272-8D5C-6335383D37FF}.Release|Any CPU.ActiveCfg = Release|Any CPU
		{EC28D387-8FB4-4272-8D5C-6335383D37FF}.Release|Any CPU.Build.0 = Release|Any CPU
		{3740187C-F355-4670-8B75-9C90F6D9577C}.Debug|Any CPU.ActiveCfg = Debug|Any CPU
		{3740187C-F355-4670-8B75-9C90F6D9577C}.Debug|Any CPU.Build.0 = Debug|Any CPU
		{3740187C-F355-4670-8B75-9C90F6D9577C}.Release|Any CPU.ActiveCfg = Release|Any CPU
		{3740187C-F355-4670-8B75-9C90F6D9577C}.Release|Any CPU.Build.0 = Release|Any CPU
		{6776DF76-1054-486C-A79A-57100C47032F}.Debug|Any CPU.ActiveCfg = Debug|Any CPU
		{6776DF76-1054-486C-A79A-57100C47032F}.Debug|Any CPU.Build.0 = Debug|Any CPU
		{6776DF76-1054-486C-A79A-57100C47032F}.Release|Any CPU.ActiveCfg = Release|Any CPU
		{6776DF76-1054-486C-A79A-57100C47032F}.Release|Any CPU.Build.0 = Release|Any CPU
		{BC732618-A759-4303-A9D9-9ED682612D70}.Debug|Any CPU.ActiveCfg = Debug|Any CPU
		{BC732618-A759-4303-A9D9-9ED682612D70}.Debug|Any CPU.Build.0 = Debug|Any CPU
		{BC732618-A759-4303-A9D9-9ED682612D70}.Release|Any CPU.ActiveCfg = Release|Any CPU
		{BC732618-A759-4303-A9D9-9ED682612D70}.Release|Any CPU.Build.0 = Release|Any CPU
		{A2DB98AF-090D-4ABE-885B-2A3C1431A678}.Debug|Any CPU.ActiveCfg = Debug|Any CPU
		{A2DB98AF-090D-4ABE-885B-2A3C1431A678}.Debug|Any CPU.Build.0 = Debug|Any CPU
		{A2DB98AF-090D-4ABE-885B-2A3C1431A678}.Release|Any CPU.ActiveCfg = Release|Any CPU
		{A2DB98AF-090D-4ABE-885B-2A3C1431A678}.Release|Any CPU.Build.0 = Release|Any CPU
	EndGlobalSection
	GlobalSection(SolutionProperties) = preSolution
		HideSolutionNode = FALSE
	EndGlobalSection
	GlobalSection(NestedProjects) = preSolution
		{2D09497A-2042-4049-B8D8-D088C49E270D} = {5DA6B83E-9906-483B-B9EC-8E3FD5BBCB3A}
		{13F67ABA-258F-46B9-9E54-8951B8A2488B} = {5DA6B83E-9906-483B-B9EC-8E3FD5BBCB3A}
		{EC28D387-8FB4-4272-8D5C-6335383D37FF} = {5DA6B83E-9906-483B-B9EC-8E3FD5BBCB3A}
		{3740187C-F355-4670-8B75-9C90F6D9577C} = {5DA6B83E-9906-483B-B9EC-8E3FD5BBCB3A}
		{BC732618-A759-4303-A9D9-9ED682612D70} = {5DA6B83E-9906-483B-B9EC-8E3FD5BBCB3A}
		{A2DB98AF-090D-4ABE-885B-2A3C1431A678} = {5DA6B83E-9906-483B-B9EC-8E3FD5BBCB3A}
	EndGlobalSection
	GlobalSection(ExtensibilityGlobals) = postSolution
		SolutionGuid = {4B5A26C9-68C1-49D9-9F32-AF907A1730C2}
	EndGlobalSection
EndGlobal
